
Microsoft Visual Studio Solution File, Format Version 12.00
# Visual Studio Version 17
VisualStudioVersion = 17.5.33424.131
MinimumVisualStudioVersion = 10.0.40219.1
Project("{FAE04EC0-301F-11D3-BF4B-00C04F79EFBC}") = "salon", "salon\salon.csproj", "{0387E245-3177-4B4B-BE87-FFBDC5D86859}"
EndProject
Global
	GlobalSection(SolutionConfigurationPlatforms) = preSolution
		Debug|Any CPU = Debug|Any CPU
		Release|Any CPU = Release|Any CPU
	EndGlobalSection
	GlobalSection(ProjectConfigurationPlatforms) = postSolution
		{0387E245-3177-4B4B-BE87-FFBDC5D86859}.Debug|Any CPU.ActiveCfg = Debug|Any CPU
		{0387E245-3177-4B4B-BE87-FFBDC5D86859}.Debug|Any CPU.Build.0 = Debug|Any CPU
		{0387E245-3177-4B4B-BE87-FFBDC5D86859}.Release|Any CPU.ActiveCfg = Release|Any CPU
		{0387E245-3177-4B4B-BE87-FFBDC5D86859}.Release|Any CPU.Build.0 = Release|Any CPU
	EndGlobalSection
	GlobalSection(SolutionProperties) = preSolution
		HideSolutionNode = FALSE
	EndGlobalSection
	GlobalSection(ExtensibilityGlobals) = postSolution
		SolutionGuid = {20EA6DE7-9987-4D85-BBBA-069FE6D65D52}
	EndGlobalSection
EndGlobal
